
Microsoft Visual Studio Solution File, Format Version 12.00
# Visual Studio Version 17
VisualStudioVersion = 17.4.33110.190
MinimumVisualStudioVersion = 10.0.40219.1
Project("{FAE04EC0-301F-11D3-BF4B-00C04F79EFBC}") = "LaMiaPizzeriaModel", "LaMiaPizzeriaModel\LaMiaPizzeriaModel.csproj", "{A793C75A-61A6-4DD7-BB10-921F20C16099}"
EndProject
Global
	GlobalSection(SolutionConfigurationPlatforms) = preSolution
		Debug|Any CPU = Debug|Any CPU
		Release|Any CPU = Release|Any CPU
	EndGlobalSection
	GlobalSection(ProjectConfigurationPlatforms) = postSolution
		{A793C75A-61A6-4DD7-BB10-921F20C16099}.Debug|Any CPU.ActiveCfg = Debug|Any CPU
		{A793C75A-61A6-4DD7-BB10-921F20C16099}.Debug|Any CPU.Build.0 = Debug|Any CPU
		{A793C75A-61A6-4DD7-BB10-921F20C16099}.Release|Any CPU.ActiveCfg = Release|Any CPU
		{A793C75A-61A6-4DD7-BB10-921F20C16099}.Release|Any CPU.Build.0 = Release|Any CPU
	EndGlobalSection
	GlobalSection(SolutionProperties) = preSolution
		HideSolutionNode = FALSE
	EndGlobalSection
	GlobalSection(ExtensibilityGlobals) = postSolution
		SolutionGuid = {F6A88453-7E9F-46AF-A3BB-FF9F1CD2244D}
	EndGlobalSection
EndGlobal
